{
  "name": "schaufel-bin",
  "version": "1.0.0",
  "lockfileVersion": 2,
  "requires": true,
  "packages": {
    "": {
      "name": "schaufel-bin",
      "version": "1.0.0",
      "license": "MIT",
      "dependencies": {
        "@algorithmwatch/schaufel": "file:..",
        "dotenv": "^16.0.1"
      }
    },
    "..": {
      "name": "@algorithmwatch/schaufel",
      "version": "0.1.0",
      "license": "MIT",
      "dependencies": {
        "cheerio": "^1.0.0-rc.5",
        "got": "^11.8.5",
        "lodash": "^4.17.21"
      },
      "devDependencies": {
        "@types/cheerio": "^0.22.27",
        "@types/jest": "^26.0.20",
        "@types/lodash": "^4.14.182",
        "@types/node": "^14.14.33",
        "@typescript-eslint/eslint-plugin": "^4.17.0",
        "@typescript-eslint/parser": "^4.17.0",
        "eslint": "^7.21.0",
        "eslint-config-prettier": "^8.1.0",
        "eslint-plugin-jest": "^24.2.1",
        "jest": "^26.6.3",
        "microbundle": "^0.14.2",
        "prettier": "^2.2.1",
        "ts-jest": "^26.5.3",
        "ts-node": "^10.9.1",
        "typescript": "^4.2.3"
      },
      "peerDependencies": {
        "@algorithmwatch/schaufel-ab": "*"
      }
    },
    "node_modules/@algorithmwatch/schaufel": {
      "resolved": "..",
      "link": true
    },
    "node_modules/dotenv": {
      "version": "16.0.1",
      "resolved": "https://registry.npmjs.org/dotenv/-/dotenv-16.0.1.tgz",
      "integrity": "sha512-1K6hR6wtk2FviQ4kEiSjFiH5rpzEVi8WW0x96aztHVMhEspNpc4DVOUTEHtEva5VThQ8IaBX1Pe4gSzpVVUsKQ==",
      "engines": {
        "node": ">=12"
      }
    }
  },
  "dependencies": {
    "@algorithmwatch/schaufel": {
      "version": "file:..",
      "requires": {
        "@types/cheerio": "^0.22.27",
        "@types/jest": "^26.0.20",
        "@types/lodash": "^4.14.182",
        "@types/node": "^14.14.33",
        "@typescript-eslint/eslint-plugin": "^4.17.0",
        "@typescript-eslint/parser": "^4.17.0",
        "cheerio": "^1.0.0-rc.5",
        "eslint": "^7.21.0",
        "eslint-config-prettier": "^8.1.0",
        "eslint-plugin-jest": "^24.2.1",
        "got": "^11.8.5",
        "jest": "^26.6.3",
        "lodash": "^4.17.21",
        "microbundle": "^0.14.2",
        "prettier": "^2.2.1",
        "ts-jest": "^26.5.3",
        "ts-node": "^10.9.1",
        "typescript": "^4.2.3"
      }
    },
    "dotenv": {
      "version": "16.0.1",
      "resolved": "https://registry.npmjs.org/dotenv/-/dotenv-16.0.1.tgz",
      "integrity": "sha512-1K6hR6wtk2FviQ4kEiSjFiH5rpzEVi8WW0x96aztHVMhEspNpc4DVOUTEHtEva5VThQ8IaBX1Pe4gSzpVVUsKQ=="
    }
  }
}
